
Microsoft Visual Studio Solution File, Format Version 12.00
# Visual Studio 15
VisualStudioVersion = 15.0.27428.1
MinimumVisualStudioVersion = 10.0.40219.1
Project("{FAE04EC0-301F-11D3-BF4B-00C04F79EFBC}") = "March2018", "March2018\March2018.csproj", "{D9F0F5F4-7357-4438-8D10-7B8781C31590}"
EndProject
Global
	GlobalSection(SolutionConfigurationPlatforms) = preSolution
		Debug|Any CPU = Debug|Any CPU
		Release|Any CPU = Release|Any CPU
	EndGlobalSection
	GlobalSection(ProjectConfigurationPlatforms) = postSolution
		{D9F0F5F4-7357-4438-8D10-7B8781C31590}.Debug|Any CPU.ActiveCfg = Debug|Any CPU
		{D9F0F5F4-7357-4438-8D10-7B8781C31590}.Debug|Any CPU.Build.0 = Debug|Any CPU
		{D9F0F5F4-7357-4438-8D10-7B8781C31590}.Release|Any CPU.ActiveCfg = Release|Any CPU
		{D9F0F5F4-7357-4438-8D10-7B8781C31590}.Release|Any CPU.Build.0 = Release|Any CPU
	EndGlobalSection
	GlobalSection(SolutionProperties) = preSolution
		HideSolutionNode = FALSE
	EndGlobalSection
	GlobalSection(ExtensibilityGlobals) = postSolution
		SolutionGuid = {368AA808-F793-4BCE-A920-2B9B3E2D7BF7}
	EndGlobalSection
EndGlobal
